{
  "requires": true,
  "lockfileVersion": 1,
  "dependencies": {
    "qiyuad": {
      "version": "1.0.14",
      "resolved": "https://registry.npmjs.org/qiyuad/-/qiyuad-1.0.14.tgz",
      "integrity": "sha512-YMFXQlGjRZeuqjlCbTJ/lfay/GwfAByDL16Dgf9WpqDVUGMIO04vNgrZ2D1NUI4u5R9zPbg5ZFwPRWYScsR6vg=="
    },
    "renyakun": {
      "version": "1.0.27",
      "resolved": "https://registry.npmjs.org/renyakun/-/renyakun-1.0.27.tgz",
      "integrity": "sha512-gtj/iLUhlDSLLMG5R8Rxde8DeBqufVPdjPoaqQJ4aOdeeg7nUgne8W6MzY8/WPYeU8BlZjtA6GGLYgFK9D9PfA=="
    }
  }
}
