{
  "requires": true,
  "lockfileVersion": 1,
  "dependencies": {
    "renyakun": {
      "version": "1.0.27",
      "resolved": "https://registry.npmjs.org/renyakun/-/renyakun-1.0.27.tgz",
      "integrity": "sha512-gtj/iLUhlDSLLMG5R8Rxde8DeBqufVPdjPoaqQJ4aOdeeg7nUgne8W6MzY8/WPYeU8BlZjtA6GGLYgFK9D9PfA=="
    }
  }
}
